
Microsoft Visual Studio Solution File, Format Version 12.00
# Visual Studio Version 17
VisualStudioVersion = 17.1.32414.318
MinimumVisualStudioVersion = 10.0.40219.1
Project("{FAE04EC0-301F-11D3-BF4B-00C04F79EFBC}") = "ApiForAngular", "ApiForAngular\ApiForAngular.csproj", "{BC1CACFC-1732-422D-A10E-F52C6F4C3E92}"
EndProject
Global
	GlobalSection(SolutionConfigurationPlatforms) = preSolution
		Debug|Any CPU = Debug|Any CPU
		Release|Any CPU = Release|Any CPU
	EndGlobalSection
	GlobalSection(ProjectConfigurationPlatforms) = postSolution
		{BC1CACFC-1732-422D-A10E-F52C6F4C3E92}.Debug|Any CPU.ActiveCfg = Debug|Any CPU
		{BC1CACFC-1732-422D-A10E-F52C6F4C3E92}.Debug|Any CPU.Build.0 = Debug|Any CPU
		{BC1CACFC-1732-422D-A10E-F52C6F4C3E92}.Release|Any CPU.ActiveCfg = Release|Any CPU
		{BC1CACFC-1732-422D-A10E-F52C6F4C3E92}.Release|Any CPU.Build.0 = Release|Any CPU
	EndGlobalSection
	GlobalSection(SolutionProperties) = preSolution
		HideSolutionNode = FALSE
	EndGlobalSection
	GlobalSection(ExtensibilityGlobals) = postSolution
		SolutionGuid = {072F4FE7-7119-4AE0-BCA5-853A8F480986}
	EndGlobalSection
EndGlobal
